
Microsoft Visual Studio Solution File, Format Version 12.00
# Visual Studio Version 17
VisualStudioVersion = 17.6.33712.159
MinimumVisualStudioVersion = 10.0.40219.1
Project("{9A19103F-16F7-4668-BE54-9A1E7A4F7556}") = "dvg.Data", "dvg.Data\dvg.Data.csproj", "{1E447DB2-8E53-4A8A-B54B-AFD3928A17BC}"
EndProject
Project("{9A19103F-16F7-4668-BE54-9A1E7A4F7556}") = "dvg.Core", "dvg.Core\dvg.Core.csproj", "{A6370ECE-E728-45E6-A1E6-9E583BB20BD2}"
EndProject
Project("{9A19103F-16F7-4668-BE54-9A1E7A4F7556}") = "dvg.Web", "dvg.Web\dvg.Web.csproj", "{7274A3FE-4628-4277-A192-49B22266B886}"
EndProject
Project("{9A19103F-16F7-4668-BE54-9A1E7A4F7556}") = "dvg.Services", "dvg.Services\dvg.Services.csproj", "{BE48DCA0-6AC7-448C-9214-D566CD781FBE}"
EndProject
Project("{9A19103F-16F7-4668-BE54-9A1E7A4F7556}") = "dvg.Mappers", "dvg.Mappers\dvg.Mappers.csproj", "{93E6293C-BC99-4BD2-AF8B-31559C294BD9}"
EndProject
Project("{9A19103F-16F7-4668-BE54-9A1E7A4F7556}") = "dvg.Dto", "dvg.DTO\dvg.Dto.csproj", "{5D7E9F07-05AB-458A-9C8B-16B354524788}"
EndProject
Project("{9A19103F-16F7-4668-BE54-9A1E7A4F7556}") = "dvg.Tests", "dvg.Tests\dvg.Tests.csproj", "{E21FE097-448B-4048-AF4D-8B67AB17E1BD}"
EndProject
Project("{FAE04EC0-301F-11D3-BF4B-00C04F79EFBC}") = "dvg.Exceptions", "dvg.Exceptions\dvg.Exceptions.csproj", "{B3AB57F8-6131-43FC-978C-DAB77ACC451B}"
EndProject
Global
	GlobalSection(SolutionConfigurationPlatforms) = preSolution
		Debug|Any CPU = Debug|Any CPU
		Release|Any CPU = Release|Any CPU
	EndGlobalSection
	GlobalSection(ProjectConfigurationPlatforms) = postSolution
		{1E447DB2-8E53-4A8A-B54B-AFD3928A17BC}.Debug|Any CPU.ActiveCfg = Debug|Any CPU
		{1E447DB2-8E53-4A8A-B54B-AFD3928A17BC}.Debug|Any CPU.Build.0 = Debug|Any CPU
		{1E447DB2-8E53-4A8A-B54B-AFD3928A17BC}.Release|Any CPU.ActiveCfg = Release|Any CPU
		{1E447DB2-8E53-4A8A-B54B-AFD3928A17BC}.Release|Any CPU.Build.0 = Release|Any CPU
		{A6370ECE-E728-45E6-A1E6-9E583BB20BD2}.Debug|Any CPU.ActiveCfg = Debug|Any CPU
		{A6370ECE-E728-45E6-A1E6-9E583BB20BD2}.Debug|Any CPU.Build.0 = Debug|Any CPU
		{A6370ECE-E728-45E6-A1E6-9E583BB20BD2}.Release|Any CPU.ActiveCfg = Release|Any CPU
		{A6370ECE-E728-45E6-A1E6-9E583BB20BD2}.Release|Any CPU.Build.0 = Release|Any CPU
		{7274A3FE-4628-4277-A192-49B22266B886}.Debug|Any CPU.ActiveCfg = Debug|Any CPU
		{7274A3FE-4628-4277-A192-49B22266B886}.Debug|Any CPU.Build.0 = Debug|Any CPU
		{7274A3FE-4628-4277-A192-49B22266B886}.Release|Any CPU.ActiveCfg = Release|Any CPU
		{7274A3FE-4628-4277-A192-49B22266B886}.Release|Any CPU.Build.0 = Release|Any CPU
		{BE48DCA0-6AC7-448C-9214-D566CD781FBE}.Debug|Any CPU.ActiveCfg = Debug|Any CPU
		{BE48DCA0-6AC7-448C-9214-D566CD781FBE}.Debug|Any CPU.Build.0 = Debug|Any CPU
		{BE48DCA0-6AC7-448C-9214-D566CD781FBE}.Release|Any CPU.ActiveCfg = Release|Any CPU
		{BE48DCA0-6AC7-448C-9214-D566CD781FBE}.Release|Any CPU.Build.0 = Release|Any CPU
		{93E6293C-BC99-4BD2-AF8B-31559C294BD9}.Debug|Any CPU.ActiveCfg = Debug|Any CPU
		{93E6293C-BC99-4BD2-AF8B-31559C294BD9}.Debug|Any CPU.Build.0 = Debug|Any CPU
		{93E6293C-BC99-4BD2-AF8B-31559C294BD9}.Release|Any CPU.ActiveCfg = Release|Any CPU
		{93E6293C-BC99-4BD2-AF8B-31559C294BD9}.Release|Any CPU.Build.0 = Release|Any CPU
		{5D7E9F07-05AB-458A-9C8B-16B354524788}.Debug|Any CPU.ActiveCfg = Debug|Any CPU
		{5D7E9F07-05AB-458A-9C8B-16B354524788}.Debug|Any CPU.Build.0 = Debug|Any CPU
		{5D7E9F07-05AB-458A-9C8B-16B354524788}.Release|Any CPU.ActiveCfg = Release|Any CPU
		{5D7E9F07-05AB-458A-9C8B-16B354524788}.Release|Any CPU.Build.0 = Release|Any CPU
		{E21FE097-448B-4048-AF4D-8B67AB17E1BD}.Debug|Any CPU.ActiveCfg = Debug|Any CPU
		{E21FE097-448B-4048-AF4D-8B67AB17E1BD}.Debug|Any CPU.Build.0 = Debug|Any CPU
		{E21FE097-448B-4048-AF4D-8B67AB17E1BD}.Release|Any CPU.ActiveCfg = Release|Any CPU
		{E21FE097-448B-4048-AF4D-8B67AB17E1BD}.Release|Any CPU.Build.0 = Release|Any CPU
		{B3AB57F8-6131-43FC-978C-DAB77ACC451B}.Debug|Any CPU.ActiveCfg = Debug|Any CPU
		{B3AB57F8-6131-43FC-978C-DAB77ACC451B}.Debug|Any CPU.Build.0 = Debug|Any CPU
		{B3AB57F8-6131-43FC-978C-DAB77ACC451B}.Release|Any CPU.ActiveCfg = Release|Any CPU
		{B3AB57F8-6131-43FC-978C-DAB77ACC451B}.Release|Any CPU.Build.0 = Release|Any CPU
	EndGlobalSection
	GlobalSection(SolutionProperties) = preSolution
		HideSolutionNode = FALSE
	EndGlobalSection
	GlobalSection(ExtensibilityGlobals) = postSolution
		SolutionGuid = {08CE7CEB-76EA-4D20-BE1B-2D953610011A}
	EndGlobalSection
EndGlobal
